
Microsoft Visual Studio Solution File, Format Version 12.00
# Visual Studio Version 17
VisualStudioVersion = 17.2.32505.173
MinimumVisualStudioVersion = 10.0.40219.1
Project("{FAE04EC0-301F-11D3-BF4B-00C04F79EFBC}") = "DebtManagment_PersentationLayer", "DebtManagment_PersentationLayer\DebtManagment_PersentationLayer.csproj", "{A87A953C-71FB-45AE-918B-0EB8C145D36F}"
EndProject
Project("{FAE04EC0-301F-11D3-BF4B-00C04F79EFBC}") = "DebtManagment_BusinessLayer", "DebtManagment_BusinessLayer\DebtManagment_BusinessLayer.csproj", "{11EC4BDA-B5A2-4832-AA1F-9B58A61CB217}"
EndProject
Project("{FAE04EC0-301F-11D3-BF4B-00C04F79EFBC}") = "DebtManagment_DataAccessLayer", "DebtManagment_DataAccessLayer\DebtManagment_DataAccessLayer.csproj", "{A7D3969D-769D-4D1D-B464-B87DCDE26125}"
EndProject
Global
	GlobalSection(SolutionConfigurationPlatforms) = preSolution
		Debug|Any CPU = Debug|Any CPU
		Release|Any CPU = Release|Any CPU
	EndGlobalSection
	GlobalSection(ProjectConfigurationPlatforms) = postSolution
		{A87A953C-71FB-45AE-918B-0EB8C145D36F}.Debug|Any CPU.ActiveCfg = Debug|Any CPU
		{A87A953C-71FB-45AE-918B-0EB8C145D36F}.Debug|Any CPU.Build.0 = Debug|Any CPU
		{A87A953C-71FB-45AE-918B-0EB8C145D36F}.Release|Any CPU.ActiveCfg = Release|Any CPU
		{A87A953C-71FB-45AE-918B-0EB8C145D36F}.Release|Any CPU.Build.0 = Release|Any CPU
		{11EC4BDA-B5A2-4832-AA1F-9B58A61CB217}.Debug|Any CPU.ActiveCfg = Debug|Any CPU
		{11EC4BDA-B5A2-4832-AA1F-9B58A61CB217}.Debug|Any CPU.Build.0 = Debug|Any CPU
		{11EC4BDA-B5A2-4832-AA1F-9B58A61CB217}.Release|Any CPU.ActiveCfg = Release|Any CPU
		{11EC4BDA-B5A2-4832-AA1F-9B58A61CB217}.Release|Any CPU.Build.0 = Release|Any CPU
		{A7D3969D-769D-4D1D-B464-B87DCDE26125}.Debug|Any CPU.ActiveCfg = Debug|Any CPU
		{A7D3969D-769D-4D1D-B464-B87DCDE26125}.Debug|Any CPU.Build.0 = Debug|Any CPU
		{A7D3969D-769D-4D1D-B464-B87DCDE26125}.Release|Any CPU.ActiveCfg = Release|Any CPU
		{A7D3969D-769D-4D1D-B464-B87DCDE26125}.Release|Any CPU.Build.0 = Release|Any CPU
	EndGlobalSection
	GlobalSection(SolutionProperties) = preSolution
		HideSolutionNode = FALSE
	EndGlobalSection
	GlobalSection(ExtensibilityGlobals) = postSolution
		SolutionGuid = {21FE0F90-0247-46CA-89EF-1DF213D8A792}
	EndGlobalSection
EndGlobal
